{
  "lockfile_version": 1,
  "os": "Windows 11 x64 (build 26100)",
  "r_version": "R version 4.5.1 (2025-06-13 ucrt)",
  "platform": "x86_64-w64-mingw32",
  "packages": [
    {
      "ref": "deps::.",
      "package": "manifesto-deps",
      "version": "0.0.1",
      "type": "deps",
      "direct": true,
      "binary": false,
      "dependencies": ["cli", "pak", "tomledit"],
      "vignettes": false,
      "metadata": {
        "RemotePkgRef": "deps::.",
        "RemoteType": "deps"
      },
      "sources": [],
      "target": "src/contrib/manifesto-deps_0.0.1.tar.gz",
      "platform": "source",
      "rversion": "*",
      "directpkg": true,
      "license": "MIT + file LICENSE",
      "dep_types": ["Depends", "Imports", "LinkingTo"],
      "params": [],
      "install_args": "--no-multiarch",
      "sysreqs": ""
    },
    {
      "ref": "cli",
      "package": "cli",
      "version": "3.6.5",
      "type": "standard",
      "direct": false,
      "binary": true,
      "dependencies": [],
      "vignettes": false,
      "needscompilation": false,
      "metadata": {
        "RemoteType": "standard",
        "RemotePkgRef": "cli",
        "RemoteRef": "cli",
        "RemoteRepos": "https://cran.rstudio.com/",
        "RemotePkgPlatform": "x86_64-w64-mingw32",
        "RemoteSha": "3.6.5"
      },
      "sources": ["https://cran.rstudio.com//bin/windows/contrib/4.5/cli_3.6.5.zip"],
      "target": "bin/windows/contrib/4.5/cli_3.6.5.zip",
      "platform": "x86_64-w64-mingw32",
      "rversion": "4.5",
      "built": "R 4.5.0; x86_64-w64-mingw32; 2025-04-24 23:50:51 UTC; windows",
      "directpkg": false,
      "license": "MIT + file LICENSE",
      "sha256": "48a01cf5ceec1cdad6b4f623df7b8eb2056ea99e60d5f1bf47bb7ccc3a48ea59",
      "filesize": 1396468,
      "dep_types": ["Depends", "Imports", "LinkingTo"],
      "params": [],
      "install_args": "",
      "repotype": "cran",
      "sysreqs": ""
    },
    {
      "ref": "pak",
      "package": "pak",
      "version": "0.9.0",
      "type": "standard",
      "direct": false,
      "binary": true,
      "dependencies": [],
      "vignettes": false,
      "needscompilation": false,
      "metadata": {
        "RemoteType": "standard",
        "RemotePkgRef": "pak",
        "RemoteRef": "pak",
        "RemoteRepos": "https://cran.rstudio.com/",
        "RemotePkgPlatform": "i386+x86_64-w64-mingw32",
        "RemoteSha": "0.9.0"
      },
      "sources": ["https://cran.rstudio.com//bin/windows/contrib/4.5/pak_0.9.0.zip"],
      "target": "bin/windows/contrib/4.5/pak_0.9.0.zip",
      "platform": "i386+x86_64-w64-mingw32",
      "rversion": "4.5",
      "built": "R 4.5.0; x86_64-w64-mingw32; 2025-05-27 23:51:07 UTC; windows",
      "directpkg": false,
      "license": "GPL-3",
      "sha256": "54aa4f39fdccc1ab8bb55385a09c06c673861774de5e29458cef7375c762e0e1",
      "filesize": 10178097,
      "dep_types": ["Depends", "Imports", "LinkingTo"],
      "params": [],
      "install_args": "",
      "repotype": "cran",
      "sysreqs": ""
    },
    {
      "ref": "rlang",
      "package": "rlang",
      "version": "1.1.6",
      "type": "standard",
      "direct": false,
      "binary": true,
      "dependencies": [],
      "vignettes": false,
      "needscompilation": false,
      "metadata": {
        "RemoteType": "standard",
        "RemotePkgRef": "rlang",
        "RemoteRef": "rlang",
        "RemoteRepos": "https://cran.rstudio.com/",
        "RemotePkgPlatform": "x86_64-w64-mingw32",
        "RemoteSha": "1.1.6"
      },
      "sources": ["https://cran.rstudio.com//bin/windows/contrib/4.5/rlang_1.1.6.zip"],
      "target": "bin/windows/contrib/4.5/rlang_1.1.6.zip",
      "platform": "x86_64-w64-mingw32",
      "rversion": "4.5",
      "built": "R 4.5.0; x86_64-w64-mingw32; 2025-04-13 23:51:15 UTC; windows",
      "directpkg": false,
      "license": "MIT + file LICENSE",
      "sha256": "ac4447ab0604100716623a42fc02b3db151c300226747ac0b7faafa8878050b8",
      "filesize": 1626752,
      "dep_types": ["Depends", "Imports", "LinkingTo"],
      "params": [],
      "install_args": "",
      "repotype": "cran",
      "sysreqs": ""
    },
    {
      "ref": "tomledit",
      "package": "tomledit",
      "version": "0.1.1",
      "type": "standard",
      "direct": false,
      "binary": true,
      "dependencies": ["rlang"],
      "vignettes": false,
      "needscompilation": false,
      "metadata": {
        "RemoteType": "standard",
        "RemotePkgRef": "tomledit",
        "RemoteRef": "tomledit",
        "RemoteRepos": "https://cran.rstudio.com/",
        "RemotePkgPlatform": "x86_64-w64-mingw32",
        "RemoteSha": "0.1.1"
      },
      "sources": ["https://cran.rstudio.com//bin/windows/contrib/4.5/tomledit_0.1.1.zip"],
      "target": "bin/windows/contrib/4.5/tomledit_0.1.1.zip",
      "platform": "x86_64-w64-mingw32",
      "rversion": "4.5",
      "built": "R 4.5.0; x86_64-w64-mingw32; 2025-04-13 23:52:00 UTC; windows",
      "directpkg": false,
      "license": "MIT + file LICENSE",
      "sha256": "7afd19f453a06132ffb4d44a3ba5e05daa0bb276dcac0f849c28efe1653e03bb",
      "filesize": 417607,
      "dep_types": ["Depends", "Imports", "LinkingTo"],
      "params": [],
      "install_args": "",
      "repotype": "cran",
      "sysreqs": "Cargo (Rust's package manager), rustc"
    }
  ]
}
